
Microsoft Visual Studio Solution File, Format Version 12.00
# Visual Studio Version 17
VisualStudioVersion = 17.13.35818.85 d17.13
MinimumVisualStudioVersion = 10.0.40219.1
Project("{FAE04EC0-301F-11D3-BF4B-00C04F79EFBC}") = "SkepsBeholder", "SkepsBeholder.csproj", "{38E4AE28-EA6F-4499-B10E-D4CD24E44A1E}"
EndProject
Global
	GlobalSection(SolutionConfigurationPlatforms) = preSolution
		Debug|Any CPU = Debug|Any CPU
		Release|Any CPU = Release|Any CPU
	EndGlobalSection
	GlobalSection(ProjectConfigurationPlatforms) = postSolution
		{38E4AE28-EA6F-4499-B10E-D4CD24E44A1E}.Debug|Any CPU.ActiveCfg = Debug|Any CPU
		{38E4AE28-EA6F-4499-B10E-D4CD24E44A1E}.Debug|Any CPU.Build.0 = Debug|Any CPU
		{38E4AE28-EA6F-4499-B10E-D4CD24E44A1E}.Release|Any CPU.ActiveCfg = Release|Any CPU
		{38E4AE28-EA6F-4499-B10E-D4CD24E44A1E}.Release|Any CPU.Build.0 = Release|Any CPU
	EndGlobalSection
	GlobalSection(SolutionProperties) = preSolution
		HideSolutionNode = FALSE
	EndGlobalSection
	GlobalSection(ExtensibilityGlobals) = postSolution
		SolutionGuid = {BB5A1C55-600A-468C-B220-8D0DCD4B35A7}
	EndGlobalSection
EndGlobal
